{
  "version": 4,
  "terraform_version": "1.14.3",
  "serial": 19,
  "lineage": "5e903dec-a5e0-88ea-76ec-2f323736e5ed",
  "outputs": {},
  "resources": [
    {
      "mode": "managed",
      "type": "proxmox_virtual_environment_container",
      "name": "newt_lxc",
      "provider": "provider[\"registry.terraform.io/bpg/proxmox\"]",
      "instances": [
        {
          "schema_version": 0,
          "attributes": {
            "clone": [],
            "console": [],
            "cpu": [
              {
                "architecture": "amd64",
                "cores": 1,
                "units": 1024
              }
            ],
            "description": "",
            "device_passthrough": [],
            "disk": [
              {
                "acl": false,
                "datastore_id": "local-lvm",
                "mount_options": [],
                "quota": false,
                "replicate": false,
                "size": 2
              }
            ],
            "environment_variables": {},
            "features": [
              {
                "fuse": false,
                "keyctl": false,
                "mount": [],
                "nesting": true
              }
            ],
            "hook_script_file_id": null,
            "id": "501",
            "initialization": [
              {
                "dns": [],
                "hostname": "newt",
                "ip_config": [
                  {
                    "ipv4": [
                      {
                        "address": "dhcp",
                        "gateway": ""
                      }
                    ],
                    "ipv6": []
                  }
                ],
                "user_account": []
              }
            ],
            "ipv4": {
              "eth0": "192.168.178.56"
            },
            "ipv6": {
              "eth0": "fe80::be24:11ff:fe74:5974"
            },
            "memory": [
              {
                "dedicated": 128,
                "swap": 0
              }
            ],
            "mount_point": [],
            "network_interface": [
              {
                "bridge": "vmbr0",
                "enabled": true,
                "firewall": false,
                "mac_address": "BC:24:11:74:59:74",
                "mtu": 0,
                "name": "eth0",
                "rate_limit": 0,
                "vlan_id": 0
              }
            ],
            "node_name": "pve",
            "operating_system": [
              {
                "template_file_id": "local:vztmpl/ubuntu-24.04-standard_24.04-2_amd64.tar.zst",
                "type": "ubuntu"
              }
            ],
            "pool_id": null,
            "protection": false,
            "start_on_boot": true,
            "started": true,
            "startup": [],
            "tags": [],
            "template": false,
            "timeout_clone": 1800,
            "timeout_create": 1800,
            "timeout_delete": 60,
            "timeout_start": 300,
            "timeout_update": 1800,
            "unprivileged": true,
            "vm_id": 501,
            "wait_for_ip": []
          },
          "sensitive_attributes": [],
          "identity_schema_version": 0,
          "private": "bnVsbA=="
        }
      ]
    },
    {
      "mode": "managed",
      "type": "proxmox_virtual_environment_download_file",
      "name": "ubuntu_cloud_image",
      "provider": "provider[\"registry.terraform.io/bpg/proxmox\"]",
      "instances": [
        {
          "schema_version": 0,
          "attributes": {
            "checksum": null,
            "checksum_algorithm": null,
            "content_type": "iso",
            "datastore_id": "local",
            "decompression_algorithm": null,
            "file_name": "jammy-server-cloudimg-amd64.img",
            "id": "local:iso/jammy-server-cloudimg-amd64.img",
            "node_name": "pve",
            "overwrite": true,
            "overwrite_unmanaged": false,
            "size": 691721216,
            "upload_timeout": 600,
            "url": "https://cloud-images.ubuntu.com/jammy/current/jammy-server-cloudimg-amd64.img",
            "verify": true
          },
          "sensitive_attributes": [],
          "identity_schema_version": 0
        }
      ]
    },
    {
      "mode": "managed",
      "type": "proxmox_virtual_environment_file",
      "name": "cloud_config",
      "provider": "provider[\"registry.terraform.io/bpg/proxmox\"]",
      "instances": [
        {
          "schema_version": 0,
          "attributes": {
            "content_type": "snippets",
            "datastore_id": "local",
            "file_mode": null,
            "file_modification_date": null,
            "file_name": "docker-setup.yaml",
            "file_size": null,
            "file_tag": null,
            "id": "local:snippets/docker-setup.yaml",
            "node_name": "pve",
            "overwrite": true,
            "source_file": [],
            "source_raw": [
              {
                "data": "#cloud-config\npackages:\n  - qemu-guest-agent\n  - docker.io\n  - docker-compose\nruncmd:\n  - systemctl enable --now docker\n  - docker volume create portainer_data\n  - docker run -d -p 8000:8000 -p 9443:9443 --name portainer --restart=always -v /var/run/docker.sock:/var/run/docker.sock -v portainer_data:/data portainer/portainer-ce:lts\n",
                "file_name": "docker-setup.yaml",
                "resize": 0
              }
            ],
            "timeout_upload": 1800
          },
          "sensitive_attributes": [],
          "identity_schema_version": 0,
          "private": "bnVsbA=="
        }
      ]
    },
    {
      "mode": "managed",
      "type": "proxmox_virtual_environment_vm",
      "name": "docker_vm",
      "provider": "provider[\"registry.terraform.io/bpg/proxmox\"]",
      "instances": [
        {
          "schema_version": 0,
          "attributes": {
            "acpi": true,
            "agent": [],
            "amd_sev": [],
            "audio_device": [],
            "bios": "seabios",
            "boot_order": [
              "virtio0",
              "net0"
            ],
            "cdrom": [],
            "clone": [],
            "cpu": [
              {
                "affinity": "",
                "architecture": "",
                "cores": 4,
                "flags": null,
                "hotplugged": 0,
                "limit": 0,
                "numa": false,
                "sockets": 1,
                "type": "qemu64",
                "units": 0
              }
            ],
            "delete_unreferenced_disks_on_destroy": true,
            "description": "",
            "disk": [
              {
                "aio": "io_uring",
                "backup": true,
                "cache": "none",
                "datastore_id": "local-lvm",
                "discard": "ignore",
                "file_format": "raw",
                "file_id": "local:iso/jammy-server-cloudimg-amd64.img",
                "import_from": "",
                "interface": "virtio0",
                "iothread": false,
                "path_in_datastore": "vm-502-disk-0",
                "replicate": true,
                "serial": "",
                "size": 82,
                "speed": [],
                "ssd": false
              }
            ],
            "efi_disk": [],
            "hook_script_file_id": null,
            "hostpci": [],
            "id": "502",
            "initialization": [
              {
                "datastore_id": "local-lvm",
                "dns": [],
                "file_format": "",
                "interface": "ide2",
                "ip_config": [
                  {
                    "ipv4": [
                      {
                        "address": "192.168.178.10/24",
                        "gateway": "192.168.178.1"
                      }
                    ],
                    "ipv6": []
                  }
                ],
                "meta_data_file_id": "",
                "network_data_file_id": "",
                "type": "",
                "user_account": [],
                "user_data_file_id": "local:snippets/docker-setup.yaml",
                "vendor_data_file_id": ""
              }
            ],
            "ipv4_addresses": [],
            "ipv6_addresses": [],
            "keyboard_layout": "en-us",
            "kvm_arguments": "",
            "mac_addresses": [
              "BC:24:11:6C:9C:0C"
            ],
            "machine": "",
            "memory": [
              {
                "dedicated": 13096,
                "floating": 0,
                "hugepages": "",
                "keep_hugepages": false,
                "shared": 0
              }
            ],
            "migrate": false,
            "name": "ubuntu-docker",
            "network_device": [
              {
                "bridge": "vmbr0",
                "disconnected": false,
                "enabled": true,
                "firewall": false,
                "mac_address": "BC:24:11:6C:9C:0C",
                "model": "virtio",
                "mtu": 0,
                "queues": 0,
                "rate_limit": 0,
                "trunks": "",
                "vlan_id": 0
              }
            ],
            "network_interface_names": [],
            "node_name": "pve",
            "numa": [],
            "on_boot": true,
            "operating_system": [],
            "pool_id": "",
            "protection": false,
            "purge_on_destroy": true,
            "reboot": false,
            "reboot_after_update": true,
            "rng": [],
            "scsi_hardware": "virtio-scsi-pci",
            "serial_device": [],
            "smbios": [],
            "started": true,
            "startup": [],
            "stop_on_destroy": false,
            "tablet_device": true,
            "tags": null,
            "template": false,
            "timeout_clone": 1800,
            "timeout_create": 1800,
            "timeout_migrate": 1800,
            "timeout_move_disk": 1800,
            "timeout_reboot": 1800,
            "timeout_shutdown_vm": 1800,
            "timeout_start_vm": 1800,
            "timeout_stop_vm": 300,
            "tpm_state": [],
            "usb": [],
            "vga": [],
            "virtiofs": [],
            "vm_id": 502,
            "watchdog": []
          },
          "sensitive_attributes": [],
          "identity_schema_version": 0,
          "private": "bnVsbA==",
          "dependencies": [
            "proxmox_virtual_environment_download_file.ubuntu_cloud_image",
            "proxmox_virtual_environment_file.cloud_config"
          ]
        }
      ]
    }
  ],
  "check_results": null
}
